
Microsoft Visual Studio Solution File, Format Version 12.00
# Visual Studio Version 17
VisualStudioVersion = 17.0.32126.317
MinimumVisualStudioVersion = 10.0.40219.1
Project("{9A19103F-16F7-4668-BE54-9A1E7A4F7556}") = "WebApp", "WebApp\WebApp.csproj", "{5E8DC60E-5908-4ED5-AB72-0DF88BDDD160}"
EndProject
Project("{2150E333-8FDC-42A3-9474-1A3956D46DE8}") = "App", "App", "{D03D0EE8-59D3-4527-BEAA-B1A357473DA2}"
EndProject
Project("{2150E333-8FDC-42A3-9474-1A3956D46DE8}") = "Base", "Base", "{9B3D9FE5-9666-4091-BC56-1BFE6A10992F}"
EndProject
Project("{2150E333-8FDC-42A3-9474-1A3956D46DE8}") = "Contracts", "Contracts", "{33B07CBA-E71E-472E-85CA-1D5064DD85C1}"
EndProject
Project("{9A19103F-16F7-4668-BE54-9A1E7A4F7556}") = "Domain.App", "Domain.App\Domain.App.csproj", "{3B84E33E-881C-426B-B9AE-A567B58B6EB9}"
EndProject
Project("{9A19103F-16F7-4668-BE54-9A1E7A4F7556}") = "DAL.App", "DAL.App\DAL.App.csproj", "{087AA14C-4D09-4B93-BBD8-074DC198008F}"
EndProject
Project("{9A19103F-16F7-4668-BE54-9A1E7A4F7556}") = "PublicApi.DTO.v1", "PublicApi.DTO.v1\PublicApi.DTO.v1.csproj", "{AD21D38C-ACE3-4BE4-9937-591B1870B373}"
EndProject
Project("{9A19103F-16F7-4668-BE54-9A1E7A4F7556}") = "Extension.Base", "Extension.Base\Extension.Base.csproj", "{B84FB326-5F5A-45D6-8B15-AA0BCF116C31}"
EndProject
Project("{FAE04EC0-301F-11D3-BF4B-00C04F79EFBC}") = "DAL", "DAL\DAL.csproj", "{31697EA5-E8F9-4478-80FD-37CACA343AD2}"
EndProject
Project("{FAE04EC0-301F-11D3-BF4B-00C04F79EFBC}") = "Domain", "Domain\Domain.csproj", "{833308B7-7203-41FA-89CB-A5D84EF4057D}"
EndProject
Project("{FAE04EC0-301F-11D3-BF4B-00C04F79EFBC}") = "Domain.Base", "Domain.Base\Domain.Base.csproj", "{4EF5AE3E-CE41-4BBC-BEF9-909B5B526357}"
EndProject
Project("{FAE04EC0-301F-11D3-BF4B-00C04F79EFBC}") = "DAL.Base", "DAL.Base\DAL.Base.csproj", "{6A3B7788-93D9-44DE-9D58-B43CE9B41E4A}"
EndProject
Project("{FAE04EC0-301F-11D3-BF4B-00C04F79EFBC}") = "Mapping", "Mapping\Mapping.csproj", "{426DB81B-E655-44A9-B5B3-2A1C63118DE3}"
EndProject
Global
	GlobalSection(SolutionConfigurationPlatforms) = preSolution
		Debug|Any CPU = Debug|Any CPU
		Release|Any CPU = Release|Any CPU
	EndGlobalSection
	GlobalSection(ProjectConfigurationPlatforms) = postSolution
		{5E8DC60E-5908-4ED5-AB72-0DF88BDDD160}.Debug|Any CPU.ActiveCfg = Debug|Any CPU
		{5E8DC60E-5908-4ED5-AB72-0DF88BDDD160}.Debug|Any CPU.Build.0 = Debug|Any CPU
		{5E8DC60E-5908-4ED5-AB72-0DF88BDDD160}.Release|Any CPU.ActiveCfg = Release|Any CPU
		{5E8DC60E-5908-4ED5-AB72-0DF88BDDD160}.Release|Any CPU.Build.0 = Release|Any CPU
		{3B84E33E-881C-426B-B9AE-A567B58B6EB9}.Debug|Any CPU.ActiveCfg = Debug|Any CPU
		{3B84E33E-881C-426B-B9AE-A567B58B6EB9}.Debug|Any CPU.Build.0 = Debug|Any CPU
		{3B84E33E-881C-426B-B9AE-A567B58B6EB9}.Release|Any CPU.ActiveCfg = Release|Any CPU
		{3B84E33E-881C-426B-B9AE-A567B58B6EB9}.Release|Any CPU.Build.0 = Release|Any CPU
		{087AA14C-4D09-4B93-BBD8-074DC198008F}.Debug|Any CPU.ActiveCfg = Debug|Any CPU
		{087AA14C-4D09-4B93-BBD8-074DC198008F}.Debug|Any CPU.Build.0 = Debug|Any CPU
		{087AA14C-4D09-4B93-BBD8-074DC198008F}.Release|Any CPU.ActiveCfg = Release|Any CPU
		{087AA14C-4D09-4B93-BBD8-074DC198008F}.Release|Any CPU.Build.0 = Release|Any CPU
		{AD21D38C-ACE3-4BE4-9937-591B1870B373}.Debug|Any CPU.ActiveCfg = Debug|Any CPU
		{AD21D38C-ACE3-4BE4-9937-591B1870B373}.Debug|Any CPU.Build.0 = Debug|Any CPU
		{AD21D38C-ACE3-4BE4-9937-591B1870B373}.Release|Any CPU.ActiveCfg = Release|Any CPU
		{AD21D38C-ACE3-4BE4-9937-591B1870B373}.Release|Any CPU.Build.0 = Release|Any CPU
		{B84FB326-5F5A-45D6-8B15-AA0BCF116C31}.Debug|Any CPU.ActiveCfg = Debug|Any CPU
		{B84FB326-5F5A-45D6-8B15-AA0BCF116C31}.Debug|Any CPU.Build.0 = Debug|Any CPU
		{B84FB326-5F5A-45D6-8B15-AA0BCF116C31}.Release|Any CPU.ActiveCfg = Release|Any CPU
		{B84FB326-5F5A-45D6-8B15-AA0BCF116C31}.Release|Any CPU.Build.0 = Release|Any CPU
		{31697EA5-E8F9-4478-80FD-37CACA343AD2}.Debug|Any CPU.ActiveCfg = Debug|Any CPU
		{31697EA5-E8F9-4478-80FD-37CACA343AD2}.Debug|Any CPU.Build.0 = Debug|Any CPU
		{31697EA5-E8F9-4478-80FD-37CACA343AD2}.Release|Any CPU.ActiveCfg = Release|Any CPU
		{31697EA5-E8F9-4478-80FD-37CACA343AD2}.Release|Any CPU.Build.0 = Release|Any CPU
		{833308B7-7203-41FA-89CB-A5D84EF4057D}.Debug|Any CPU.ActiveCfg = Debug|Any CPU
		{833308B7-7203-41FA-89CB-A5D84EF4057D}.Debug|Any CPU.Build.0 = Debug|Any CPU
		{833308B7-7203-41FA-89CB-A5D84EF4057D}.Release|Any CPU.ActiveCfg = Release|Any CPU
		{833308B7-7203-41FA-89CB-A5D84EF4057D}.Release|Any CPU.Build.0 = Release|Any CPU
		{4EF5AE3E-CE41-4BBC-BEF9-909B5B526357}.Debug|Any CPU.ActiveCfg = Debug|Any CPU
		{4EF5AE3E-CE41-4BBC-BEF9-909B5B526357}.Debug|Any CPU.Build.0 = Debug|Any CPU
		{4EF5AE3E-CE41-4BBC-BEF9-909B5B526357}.Release|Any CPU.ActiveCfg = Release|Any CPU
		{4EF5AE3E-CE41-4BBC-BEF9-909B5B526357}.Release|Any CPU.Build.0 = Release|Any CPU
		{6A3B7788-93D9-44DE-9D58-B43CE9B41E4A}.Debug|Any CPU.ActiveCfg = Debug|Any CPU
		{6A3B7788-93D9-44DE-9D58-B43CE9B41E4A}.Debug|Any CPU.Build.0 = Debug|Any CPU
		{6A3B7788-93D9-44DE-9D58-B43CE9B41E4A}.Release|Any CPU.ActiveCfg = Release|Any CPU
		{6A3B7788-93D9-44DE-9D58-B43CE9B41E4A}.Release|Any CPU.Build.0 = Release|Any CPU
		{426DB81B-E655-44A9-B5B3-2A1C63118DE3}.Debug|Any CPU.ActiveCfg = Debug|Any CPU
		{426DB81B-E655-44A9-B5B3-2A1C63118DE3}.Debug|Any CPU.Build.0 = Debug|Any CPU
		{426DB81B-E655-44A9-B5B3-2A1C63118DE3}.Release|Any CPU.ActiveCfg = Release|Any CPU
		{426DB81B-E655-44A9-B5B3-2A1C63118DE3}.Release|Any CPU.Build.0 = Release|Any CPU
	EndGlobalSection
	GlobalSection(SolutionProperties) = preSolution
		HideSolutionNode = FALSE
	EndGlobalSection
	GlobalSection(NestedProjects) = preSolution
		{5E8DC60E-5908-4ED5-AB72-0DF88BDDD160} = {D03D0EE8-59D3-4527-BEAA-B1A357473DA2}
		{3B84E33E-881C-426B-B9AE-A567B58B6EB9} = {D03D0EE8-59D3-4527-BEAA-B1A357473DA2}
		{087AA14C-4D09-4B93-BBD8-074DC198008F} = {D03D0EE8-59D3-4527-BEAA-B1A357473DA2}
		{AD21D38C-ACE3-4BE4-9937-591B1870B373} = {D03D0EE8-59D3-4527-BEAA-B1A357473DA2}
		{B84FB326-5F5A-45D6-8B15-AA0BCF116C31} = {9B3D9FE5-9666-4091-BC56-1BFE6A10992F}
		{31697EA5-E8F9-4478-80FD-37CACA343AD2} = {33B07CBA-E71E-472E-85CA-1D5064DD85C1}
		{833308B7-7203-41FA-89CB-A5D84EF4057D} = {33B07CBA-E71E-472E-85CA-1D5064DD85C1}
		{4EF5AE3E-CE41-4BBC-BEF9-909B5B526357} = {9B3D9FE5-9666-4091-BC56-1BFE6A10992F}
		{6A3B7788-93D9-44DE-9D58-B43CE9B41E4A} = {9B3D9FE5-9666-4091-BC56-1BFE6A10992F}
		{426DB81B-E655-44A9-B5B3-2A1C63118DE3} = {33B07CBA-E71E-472E-85CA-1D5064DD85C1}
	EndGlobalSection
	GlobalSection(ExtensibilityGlobals) = postSolution
		SolutionGuid = {51171BCF-BE9D-4633-B6AB-5B76001D373B}
	EndGlobalSection
EndGlobal
